// !$*UTF8*$!
{
	archiveVersion = 1;
	classes = {
	};
	objectVersion = 46;
	objects = {

/* Begin PBXBuildFile section */
		A999D4171EF3A5E100E69694 /* AppDelegate.swift in Sources */ = {isa = PBXBuildFile; fileRef = A999D4161EF3A5E100E69694 /* AppDelegate.swift */; };
		A999D4191EF3A5E100E69694 /* ViewController.swift in Sources */ = {isa = PBXBuildFile; fileRef = A999D4181EF3A5E100E69694 /* ViewController.swift */; };
		A999D41C1EF3A5E100E69694 /* Main.storyboard in Resources */ = {isa = PBXBuildFile; fileRef = A999D41A1EF3A5E100E69694 /* Main.storyboard */; };
		A999D41E1EF3A5E100E69694 /* Assets.xcassets in Resources */ = {isa = PBXBuildFile; fileRef = A999D41D1EF3A5E100E69694 /* Assets.xcassets */; };
		A999D4211EF3A5E100E69694 /* LaunchScreen.storyboard in Resources */ = {isa = PBXBuildFile; fileRef = A999D41F1EF3A5E100E69694 /* LaunchScreen.storyboard */; };
		A999D42C1EF3A5E100E69694 /* serverURLTests.swift in Sources */ = {isa = PBXBuildFile; fileRef = A999D42B1EF3A5E100E69694 /* serverURLTests.swift */; };
		A999D4371EF3A5E100E69694 /* serverURLUITests.swift in Sources */ = {isa = PBXBuildFile; fileRef = A999D4361EF3A5E100E69694 /* serverURLUITests.swift */; };
		A999D4491EF3BF8000E69694 /* HBServerURL.m in Sources */ = {isa = PBXBuildFile; fileRef = A999D4481EF3BF8000E69694 /* HBServerURL.m */; };
/* End PBXBuildFile section */

/* Begin PBXContainerItemProxy section */
		A999D4281EF3A5E100E69694 /* PBXContainerItemProxy */ = {
			isa = PBXContainerItemProxy;
			containerPortal = A999D40B1EF3A5E100E69694 /* Project object */;
			proxyType = 1;
			remoteGlobalIDString = A999D4121EF3A5E100E69694;
			remoteInfo = serverURL;
		};
		A999D4331EF3A5E100E69694 /* PBXContainerItemProxy */ = {
			isa = PBXContainerItemProxy;
			containerPortal = A999D40B1EF3A5E100E69694 /* Project object */;
			proxyType = 1;
			remoteGlobalIDString = A999D4121EF3A5E100E69694;
			remoteInfo = serverURL;
		};
/* End PBXContainerItemProxy section */

/* Begin PBXFileReference section */
		A999D4131EF3A5E100E69694 /* serverURL.app */ = {isa = PBXFileReference; explicitFileType = wrapper.application; includeInIndex = 0; path = serverURL.app; sourceTree = BUILT_PRODUCTS_DIR; };
		A999D4161EF3A5E100E69694 /* AppDelegate.swift */ = {isa = PBXFileReference; lastKnownFileType = sourcecode.swift; path = AppDelegate.swift; sourceTree = "<group>"; };
		A999D4181EF3A5E100E69694 /* ViewController.swift */ = {isa = PBXFileReference; lastKnownFileType = sourcecode.swift; path = ViewController.swift; sourceTree = "<group>"; };
		A999D41B1EF3A5E100E69694 /* Base */ = {isa = PBXFileReference; lastKnownFileType = file.storyboard; name = Base; path = Base.lproj/Main.storyboard; sourceTree = "<group>"; };
		A999D41D1EF3A5E100E69694 /* Assets.xcassets */ = {isa = PBXFileReference; lastKnownFileType = folder.assetcatalog; path = Assets.xcassets; sourceTree = "<group>"; };
		A999D4201EF3A5E100E69694 /* Base */ = {isa = PBXFileReference; lastKnownFileType = file.storyboard; name = Base; path = Base.lproj/LaunchScreen.storyboard; sourceTree = "<group>"; };
		A999D4221EF3A5E100E69694 /* Info.plist */ = {isa = PBXFileReference; lastKnownFileType = text.plist.xml; path = Info.plist; sourceTree = "<group>"; };
		A999D4271EF3A5E100E69694 /* serverURLTests.xctest */ = {isa = PBXFileReference; explicitFileType = wrapper.cfbundle; includeInIndex = 0; path = serverURLTests.xctest; sourceTree = BUILT_PRODUCTS_DIR; };
		A999D42B1EF3A5E100E69694 /* serverURLTests.swift */ = {isa = PBXFileReference; lastKnownFileType = sourcecode.swift; path = serverURLTests.swift; sourceTree = "<group>"; };
		A999D42D1EF3A5E100E69694 /* Info.plist */ = {isa = PBXFileReference; lastKnownFileType = text.plist.xml; path = Info.plist; sourceTree = "<group>"; };
		A999D4321EF3A5E100E69694 /* serverURLUITests.xctest */ = {isa = PBXFileReference; explicitFileType = wrapper.cfbundle; includeInIndex = 0; path = serverURLUITests.xctest; sourceTree = BUILT_PRODUCTS_DIR; };
		A999D4361EF3A5E100E69694 /* serverURLUITests.swift */ = {isa = PBXFileReference; lastKnownFileType = sourcecode.swift; path = serverURLUITests.swift; sourceTree = "<group>"; };
		A999D4381EF3A5E100E69694 /* Info.plist */ = {isa = PBXFileReference; lastKnownFileType = text.plist.xml; path = Info.plist; sourceTree = "<group>"; };
		A999D4461EF3BF7F00E69694 /* serverURL-Bridging-Header.h */ = {isa = PBXFileReference; lastKnownFileType = sourcecode.c.h; path = "serverURL-Bridging-Header.h"; sourceTree = "<group>"; };
		A999D4471EF3BF8000E69694 /* HBServerURL.h */ = {isa = PBXFileReference; fileEncoding = 4; lastKnownFileType = sourcecode.c.h; path = HBServerURL.h; sourceTree = "<group>"; };
		A999D4481EF3BF8000E69694 /* HBServerURL.m */ = {isa = PBXFileReference; fileEncoding = 4; lastKnownFileType = sourcecode.c.objc; path = HBServerURL.m; sourceTree = "<group>"; };
/* End PBXFileReference section */

/* Begin PBXFrameworksBuildPhase section */
		A999D4101EF3A5E100E69694 /* Frameworks */ = {
			isa = PBXFrameworksBuildPhase;
			buildActionMask = 2147483647;
			files = (
			);
			runOnlyForDeploymentPostprocessing = 0;
		};
		A999D4241EF3A5E100E69694 /* Frameworks */ = {
			isa = PBXFrameworksBuildPhase;
			buildActionMask = 2147483647;
			files = (
			);
			runOnlyForDeploymentPostprocessing = 0;
		};
		A999D42F1EF3A5E100E69694 /* Frameworks */ = {
			isa = PBXFrameworksBuildPhase;
			buildActionMask = 2147483647;
			files = (
			);
			runOnlyForDeploymentPostprocessing = 0;
		};
/* End PBXFrameworksBuildPhase section */

/* Begin PBXGroup section */
		A999D40A1EF3A5E100E69694 = {
			isa = PBXGroup;
			children = (
				A999D4151EF3A5E100E69694 /* serverURL */,
				A999D42A1EF3A5E100E69694 /* serverURLTests */,
				A999D4351EF3A5E100E69694 /* serverURLUITests */,
				A999D4141EF3A5E100E69694 /* Products */,
			);
			sourceTree = "<group>";
		};
		A999D4141EF3A5E100E69694 /* Products */ = {
			isa = PBXGroup;
			children = (
				A999D4131EF3A5E100E69694 /* serverURL.app */,
				A999D4271EF3A5E100E69694 /* serverURLTests.xctest */,
				A999D4321EF3A5E100E69694 /* serverURLUITests.xctest */,
			);
			name = Products;
			sourceTree = "<group>";
		};
		A999D4151EF3A5E100E69694 /* serverURL */ = {
			isa = PBXGroup;
			children = (
				A999D4161EF3A5E100E69694 /* AppDelegate.swift */,
				A999D4181EF3A5E100E69694 /* ViewController.swift */,
				A999D41A1EF3A5E100E69694 /* Main.storyboard */,
				A999D41D1EF3A5E100E69694 /* Assets.xcassets */,
				A999D41F1EF3A5E100E69694 /* LaunchScreen.storyboard */,
				A999D4221EF3A5E100E69694 /* Info.plist */,
				A999D4471EF3BF8000E69694 /* HBServerURL.h */,
				A999D4481EF3BF8000E69694 /* HBServerURL.m */,
				A999D4461EF3BF7F00E69694 /* serverURL-Bridging-Header.h */,
			);
			path = serverURL;
			sourceTree = "<group>";
		};
		A999D42A1EF3A5E100E69694 /* serverURLTests */ = {
			isa = PBXGroup;
			children = (
				A999D42B1EF3A5E100E69694 /* serverURLTests.swift */,
				A999D42D1EF3A5E100E69694 /* Info.plist */,
			);
			path = serverURLTests;
			sourceTree = "<group>";
		};
		A999D4351EF3A5E100E69694 /* serverURLUITests */ = {
			isa = PBXGroup;
			children = (
				A999D4361EF3A5E100E69694 /* serverURLUITests.swift */,
				A999D4381EF3A5E100E69694 /* Info.plist */,
			);
			path = serverURLUITests;
			sourceTree = "<group>";
		};
/* End PBXGroup section */

/* Begin PBXNativeTarget section */
		A999D4121EF3A5E100E69694 /* serverURL */ = {
			isa = PBXNativeTarget;
			buildConfigurationList = A999D43B1EF3A5E100E69694 /* Build configuration list for PBXNativeTarget "serverURL" */;
			buildPhases = (
				A999D40F1EF3A5E100E69694 /* Sources */,
				A999D4101EF3A5E100E69694 /* Frameworks */,
				A999D4111EF3A5E100E69694 /* Resources */,
			);
			buildRules = (
			);
			dependencies = (
			);
			name = serverURL;
			productName = serverURL;
			productReference = A999D4131EF3A5E100E69694 /* serverURL.app */;
			productType = "com.apple.product-type.application";
		};
		A999D4261EF3A5E100E69694 /* serverURLTests */ = {
			isa = PBXNativeTarget;
			buildConfigurationList = A999D43E1EF3A5E100E69694 /* Build configuration list for PBXNativeTarget "serverURLTests" */;
			buildPhases = (
				A999D4231EF3A5E100E69694 /* Sources */,
				A999D4241EF3A5E100E69694 /* Frameworks */,
				A999D4251EF3A5E100E69694 /* Resources */,
			);
			buildRules = (
			);
			dependencies = (
				A999D4291EF3A5E100E69694 /* PBXTargetDependency */,
			);
			name = serverURLTests;
			productName = serverURLTests;
			productReference = A999D4271EF3A5E100E69694 /* serverURLTests.xctest */;
			productType = "com.apple.product-type.bundle.unit-test";
		};
		A999D4311EF3A5E100E69694 /* serverURLUITests */ = {
			isa = PBXNativeTarget;
			buildConfigurationList = A999D4411EF3A5E100E69694 /* Build configuration list for PBXNativeTarget "serverURLUITests" */;
			buildPhases = (
				A999D42E1EF3A5E100E69694 /* Sources */,
				A999D42F1EF3A5E100E69694 /* Frameworks */,
				A999D4301EF3A5E100E69694 /* Resources */,
			);
			buildRules = (
			);
			dependencies = (
				A999D4341EF3A5E100E69694 /* PBXTargetDependency */,
			);
			name = serverURLUITests;
			productName = serverURLUITests;
			productReference = A999D4321EF3A5E100E69694 /* serverURLUITests.xctest */;
			productType = "com.apple.product-type.bundle.ui-testing";
		};
/* End PBXNativeTarget section */

/* Begin PBXProject section */
		A999D40B1EF3A5E100E69694 /* Project object */ = {
			isa = PBXProject;
			attributes = {
				LastSwiftUpdateCheck = 0830;
				LastUpgradeCheck = 0830;
				ORGANIZATIONNAME = ifLab;
				TargetAttributes = {
					A999D4121EF3A5E100E69694 = {
						CreatedOnToolsVersion = 8.3.2;
						LastSwiftMigration = 0830;
						ProvisioningStyle = Automatic;
					};
					A999D4261EF3A5E100E69694 = {
						CreatedOnToolsVersion = 8.3.2;
						ProvisioningStyle = Automatic;
						TestTargetID = A999D4121EF3A5E100E69694;
					};
					A999D4311EF3A5E100E69694 = {
						CreatedOnToolsVersion = 8.3.2;
						ProvisioningStyle = Automatic;
						TestTargetID = A999D4121EF3A5E100E69694;
					};
				};
			};
			buildConfigurationList = A999D40E1EF3A5E100E69694 /* Build configuration list for PBXProject "serverURL" */;
			compatibilityVersion = "Xcode 3.2";
			developmentRegion = English;
			hasScannedForEncodings = 0;
			knownRegions = (
				en,
				Base,
			);
			mainGroup = A999D40A1EF3A5E100E69694;
			productRefGroup = A999D4141EF3A5E100E69694 /* Products */;
			projectDirPath = "";
			projectRoot = "";
			targets = (
				A999D4121EF3A5E100E69694 /* serverURL */,
				A999D4261EF3A5E100E69694 /* serverURLTests */,
				A999D4311EF3A5E100E69694 /* serverURLUITests */,
			);
		};
/* End PBXProject section */

/* Begin PBXResourcesBuildPhase section */
		A999D4111EF3A5E100E69694 /* Resources */ = {
			isa = PBXResourcesBuildPhase;
			buildActionMask = 2147483647;
			files = (
				A999D4211EF3A5E100E69694 /* LaunchScreen.storyboard in Resources */,
				A999D41E1EF3A5E100E69694 /* Assets.xcassets in Resources */,
				A999D41C1EF3A5E100E69694 /* Main.storyboard in Resources */,
			);
			runOnlyForDeploymentPostprocessing = 0;
		};
		A999D4251EF3A5E100E69694 /* Resources */ = {
			isa = PBXResourcesBuildPhase;
			buildActionMask = 2147483647;
			files = (
			);
			runOnlyForDeploymentPostprocessing = 0;
		};
		A999D4301EF3A5E100E69694 /* Resources */ = {
			isa = PBXResourcesBuildPhase;
			buildActionMask = 2147483647;
			files = (
			);
			runOnlyForDeploymentPostprocessing = 0;
		};
/* End PBXResourcesBuildPhase section */

/* Begin PBXSourcesBuildPhase section */
		A999D40F1EF3A5E100E69694 /* Sources */ = {
			isa = PBXSourcesBuildPhase;
			buildActionMask = 2147483647;
			files = (
				A999D4491EF3BF8000E69694 /* HBServerURL.m in Sources */,
				A999D4191EF3A5E100E69694 /* ViewController.swift in Sources */,
				A999D4171EF3A5E100E69694 /* AppDelegate.swift in Sources */,
			);
			runOnlyForDeploymentPostprocessing = 0;
		};
		A999D4231EF3A5E100E69694 /* Sources */ = {
			isa = PBXSourcesBuildPhase;
			buildActionMask = 2147483647;
			files = (
				A999D42C1EF3A5E100E69694 /* serverURLTests.swift in Sources */,
			);
			runOnlyForDeploymentPostprocessing = 0;
		};
		A999D42E1EF3A5E100E69694 /* Sources */ = {
			isa = PBXSourcesBuildPhase;
			buildActionMask = 2147483647;
			files = (
				A999D4371EF3A5E100E69694 /* serverURLUITests.swift in Sources */,
			);
			runOnlyForDeploymentPostprocessing = 0;
		};
/* End PBXSourcesBuildPhase section */

/* Begin PBXTargetDependency section */
		A999D4291EF3A5E100E69694 /* PBXTargetDependency */ = {
			isa = PBXTargetDependency;
			target = A999D4121EF3A5E100E69694 /* serverURL */;
			targetProxy = A999D4281EF3A5E100E69694 /* PBXContainerItemProxy */;
		};
		A999D4341EF3A5E100E69694 /* PBXTargetDependency */ = {
			isa = PBXTargetDependency;
			target = A999D4121EF3A5E100E69694 /* serverURL */;
			targetProxy = A999D4331EF3A5E100E69694 /* PBXContainerItemProxy */;
		};
/* End PBXTargetDependency section */

/* Begin PBXVariantGroup section */
		A999D41A1EF3A5E100E69694 /* Main.storyboard */ = {
			isa = PBXVariantGroup;
			children = (
				A999D41B1EF3A5E100E69694 /* Base */,
			);
			name = Main.storyboard;
			sourceTree = "<group>";
		};
		A999D41F1EF3A5E100E69694 /* LaunchScreen.storyboard */ = {
			isa = PBXVariantGroup;
			children = (
				A999D4201EF3A5E100E69694 /* Base */,
			);
			name = LaunchScreen.storyboard;
			sourceTree = "<group>";
		};
/* End PBXVariantGroup section */

/* Begin XCBuildConfiguration section */
		A999D4391EF3A5E100E69694 /* Debug */ = {
			isa = XCBuildConfiguration;
			buildSettings = {
				ALWAYS_SEARCH_USER_PATHS = NO;
				CLANG_ANALYZER_NONNULL = YES;
				CLANG_ANALYZER_NUMBER_OBJECT_CONVERSION = YES_AGGRESSIVE;
				CLANG_CXX_LANGUAGE_STANDARD = "gnu++0x";
				CLANG_CXX_LIBRARY = "libc++";
				CLANG_ENABLE_MODULES = YES;
				CLANG_ENABLE_OBJC_ARC = YES;
				CLANG_WARN_BOOL_CONVERSION = YES;
				CLANG_WARN_CONSTANT_CONVERSION = YES;
				CLANG_WARN_DIRECT_OBJC_ISA_USAGE = YES_ERROR;
				CLANG_WARN_DOCUMENTATION_COMMENTS = YES;
				CLANG_WARN_EMPTY_BODY = YES;
				CLANG_WARN_ENUM_CONVERSION = YES;
				CLANG_WARN_INFINITE_RECURSION = YES;
				CLANG_WARN_INT_CONVERSION = YES;
				CLANG_WARN_OBJC_ROOT_CLASS = YES_ERROR;
				CLANG_WARN_SUSPICIOUS_MOVE = YES;
				CLANG_WARN_UNREACHABLE_CODE = YES;
				CLANG_WARN__DUPLICATE_METHOD_MATCH = YES;
				"CODE_SIGN_IDENTITY[sdk=iphoneos*]" = "iPhone Developer";
				COPY_PHASE_STRIP = NO;
				DEBUG_INFORMATION_FORMAT = dwarf;
				ENABLE_STRICT_OBJC_MSGSEND = YES;
				ENABLE_TESTABILITY = YES;
				GCC_C_LANGUAGE_STANDARD = gnu99;
				GCC_DYNAMIC_NO_PIC = NO;
				GCC_NO_COMMON_BLOCKS = YES;
				GCC_OPTIMIZATION_LEVEL = 0;
				GCC_PREPROCESSOR_DEFINITIONS = (
					"DEBUG=1",
					"$(inherited)",
				);
				GCC_WARN_64_TO_32_BIT_CONVERSION = YES;
				GCC_WARN_ABOUT_RETURN_TYPE = YES_ERROR;
				GCC_WARN_UNDECLARED_SELECTOR = YES;
				GCC_WARN_UNINITIALIZED_AUTOS = YES_AGGRESSIVE;
				GCC_WARN_UNUSED_FUNCTION = YES;
				GCC_WARN_UNUSED_VARIABLE = YES;
				IPHONEOS_DEPLOYMENT_TARGET = 10.3;
				MTL_ENABLE_DEBUG_INFO = YES;
				ONLY_ACTIVE_ARCH = YES;
				SDKROOT = iphoneos;
				SWIFT_ACTIVE_COMPILATION_CONDITIONS = DEBUG;
				SWIFT_OPTIMIZATION_LEVEL = "-Onone";
				TARGETED_DEVICE_FAMILY = "1,2";
			};
			name = Debug;
		};
		A999D43A1EF3A5E100E69694 /* Release */ = {
			isa = XCBuildConfiguration;
			buildSettings = {
				ALWAYS_SEARCH_USER_PATHS = NO;
				CLANG_ANALYZER_NONNULL = YES;
				CLANG_ANALYZER_NUMBER_OBJECT_CONVERSION = YES_AGGRESSIVE;
				CLANG_CXX_LANGUAGE_STANDARD = "gnu++0x";
				CLANG_CXX_LIBRARY = "libc++";
				CLANG_ENABLE_MODULES = YES;
				CLANG_ENABLE_OBJC_ARC = YES;
				CLANG_WARN_BOOL_CONVERSION = YES;
				CLANG_WARN_CONSTANT_CONVERSION = YES;
				CLANG_WARN_DIRECT_OBJC_ISA_USAGE = YES_ERROR;
				CLANG_WARN_DOCUMENTATION_COMMENTS = YES;
				CLANG_WARN_EMPTY_BODY = YES;
				CLANG_WARN_ENUM_CONVERSION = YES;
				CLANG_WARN_INFINITE_RECURSION = YES;
				CLANG_WARN_INT_CONVERSION = YES;
				CLANG_WARN_OBJC_ROOT_CLASS = YES_ERROR;
				CLANG_WARN_SUSPICIOUS_MOVE = YES;
				CLANG_WARN_UNREACHABLE_CODE = YES;
				CLANG_WARN__DUPLICATE_METHOD_MATCH = YES;
				"CODE_SIGN_IDENTITY[sdk=iphoneos*]" = "iPhone Developer";
				COPY_PHASE_STRIP = NO;
				DEBUG_INFORMATION_FORMAT = "dwarf-with-dsym";
				ENABLE_NS_ASSERTIONS = NO;
				ENABLE_STRICT_OBJC_MSGSEND = YES;
				GCC_C_LANGUAGE_STANDARD = gnu99;
				GCC_NO_COMMON_BLOCKS = YES;
				GCC_WARN_64_TO_32_BIT_CONVERSION = YES;
				GCC_WARN_ABOUT_RETURN_TYPE = YES_ERROR;
				GCC_WARN_UNDECLARED_SELECTOR = YES;
				GCC_WARN_UNINITIALIZED_AUTOS = YES_AGGRESSIVE;
				GCC_WARN_UNUSED_FUNCTION = YES;
				GCC_WARN_UNUSED_VARIABLE = YES;
				IPHONEOS_DEPLOYMENT_TARGET = 10.3;
				MTL_ENABLE_DEBUG_INFO = NO;
				SDKROOT = iphoneos;
				SWIFT_OPTIMIZATION_LEVEL = "-Owholemodule";
				TARGETED_DEVICE_FAMILY = "1,2";
				VALIDATE_PRODUCT = YES;
			};
			name = Release;
		};
		A999D43C1EF3A5E100E69694 /* Debug */ = {
			isa = XCBuildConfiguration;
			buildSettings = {
				ASSETCATALOG_COMPILER_APPICON_NAME = AppIcon;
				CLANG_ENABLE_MODULES = YES;
				INFOPLIST_FILE = serverURL/Info.plist;
				LD_RUNPATH_SEARCH_PATHS = "$(inherited) @executable_path/Frameworks";
				PRODUCT_BUNDLE_IDENTIFIER = org.iflab.hu.serverURL;
				PRODUCT_NAME = "$(TARGET_NAME)";
				SWIFT_OBJC_BRIDGING_HEADER = "serverURL/serverURL-Bridging-Header.h";
				SWIFT_OPTIMIZATION_LEVEL = "-Onone";
				SWIFT_VERSION = 3.0;
			};
			name = Debug;
		};
		A999D43D1EF3A5E100E69694 /* Release */ = {
			isa = XCBuildConfiguration;
			buildSettings = {
				ASSETCATALOG_COMPILER_APPICON_NAME = AppIcon;
				CLANG_ENABLE_MODULES = YES;
				INFOPLIST_FILE = serverURL/Info.plist;
				LD_RUNPATH_SEARCH_PATHS = "$(inherited) @executable_path/Frameworks";
				PRODUCT_BUNDLE_IDENTIFIER = org.iflab.hu.serverURL;
				PRODUCT_NAME = "$(TARGET_NAME)";
				SWIFT_OBJC_BRIDGING_HEADER = "serverURL/serverURL-Bridging-Header.h";
				SWIFT_VERSION = 3.0;
			};
			name = Release;
		};
		A999D43F1EF3A5E100E69694 /* Debug */ = {
			isa = XCBuildConfiguration;
			buildSettings = {
				ALWAYS_EMBED_SWIFT_STANDARD_LIBRARIES = YES;
				BUNDLE_LOADER = "$(TEST_HOST)";
				INFOPLIST_FILE = serverURLTests/Info.plist;
				LD_RUNPATH_SEARCH_PATHS = "$(inherited) @executable_path/Frameworks @loader_path/Frameworks";
				PRODUCT_BUNDLE_IDENTIFIER = org.iflab.hu.serverURLTests;
				PRODUCT_NAME = "$(TARGET_NAME)";
				SWIFT_VERSION = 3.0;
				TEST_HOST = "$(BUILT_PRODUCTS_DIR)/serverURL.app/serverURL";
			};
			name = Debug;
		};
		A999D4401EF3A5E100E69694 /* Release */ = {
			isa = XCBuildConfiguration;
			buildSettings = {
				ALWAYS_EMBED_SWIFT_STANDARD_LIBRARIES = YES;
				BUNDLE_LOADER = "$(TEST_HOST)";
				INFOPLIST_FILE = serverURLTests/Info.plist;
				LD_RUNPATH_SEARCH_PATHS = "$(inherited) @executable_path/Frameworks @loader_path/Frameworks";
				PRODUCT_BUNDLE_IDENTIFIER = org.iflab.hu.serverURLTests;
				PRODUCT_NAME = "$(TARGET_NAME)";
				SWIFT_VERSION = 3.0;
				TEST_HOST = "$(BUILT_PRODUCTS_DIR)/serverURL.app/serverURL";
			};
			name = Release;
		};
		A999D4421EF3A5E100E69694 /* Debug */ = {
			isa = XCBuildConfiguration;
			buildSettings = {
				ALWAYS_EMBED_SWIFT_STANDARD_LIBRARIES = YES;
				INFOPLIST_FILE = serverURLUITests/Info.plist;
				LD_RUNPATH_SEARCH_PATHS = "$(inherited) @executable_path/Frameworks @loader_path/Frameworks";
				PRODUCT_BUNDLE_IDENTIFIER = org.iflab.hu.serverURLUITests;
				PRODUCT_NAME = "$(TARGET_NAME)";
				SWIFT_VERSION = 3.0;
				TEST_TARGET_NAME = serverURL;
			};
			name = Debug;
		};
		A999D4431EF3A5E100E69694 /* Release */ = {
			isa = XCBuildConfiguration;
			buildSettings = {
				ALWAYS_EMBED_SWIFT_STANDARD_LIBRARIES = YES;
				INFOPLIST_FILE = serverURLUITests/Info.plist;
				LD_RUNPATH_SEARCH_PATHS = "$(inherited) @executable_path/Frameworks @loader_path/Frameworks";
				PRODUCT_BUNDLE_IDENTIFIER = org.iflab.hu.serverURLUITests;
				PRODUCT_NAME = "$(TARGET_NAME)";
				SWIFT_VERSION = 3.0;
				TEST_TARGET_NAME = serverURL;
			};
			name = Release;
		};
/* End XCBuildConfiguration section */

/* Begin XCConfigurationList section */
		A999D40E1EF3A5E100E69694 /* Build configuration list for PBXProject "serverURL" */ = {
			isa = XCConfigurationList;
			buildConfigurations = (
				A999D4391EF3A5E100E69694 /* Debug */,
				A999D43A1EF3A5E100E69694 /* Release */,
			);
			defaultConfigurationIsVisible = 0;
			defaultConfigurationName = Release;
		};
		A999D43B1EF3A5E100E69694 /* Build configuration list for PBXNativeTarget "serverURL" */ = {
			isa = XCConfigurationList;
			buildConfigurations = (
				A999D43C1EF3A5E100E69694 /* Debug */,
				A999D43D1EF3A5E100E69694 /* Release */,
			);
			defaultConfigurationIsVisible = 0;
			defaultConfigurationName = Release;
		};
		A999D43E1EF3A5E100E69694 /* Build configuration list for PBXNativeTarget "serverURLTests" */ = {
			isa = XCConfigurationList;
			buildConfigurations = (
				A999D43F1EF3A5E100E69694 /* Debug */,
				A999D4401EF3A5E100E69694 /* Release */,
			);
			defaultConfigurationIsVisible = 0;
			defaultConfigurationName = Release;
		};
		A999D4411EF3A5E100E69694 /* Build configuration list for PBXNativeTarget "serverURLUITests" */ = {
			isa = XCConfigurationList;
			buildConfigurations = (
				A999D4421EF3A5E100E69694 /* Debug */,
				A999D4431EF3A5E100E69694 /* Release */,
			);
			defaultConfigurationIsVisible = 0;
			defaultConfigurationName = Release;
		};
/* End XCConfigurationList section */
	};
	rootObject = A999D40B1EF3A5E100E69694 /* Project object */;
}
